github.com/BurntSushi/toml v0.3.0 h1:e1/Ivsx3Z0FVTV0NSOv/aVgbUWyQuzj7DDnFblkRvsY=
github.com/BurntSushi/toml v0.3.0/go.mod h1:xHWCNGjB5oqiDr8zfno3MHue2Ht5sIBksp03qcyfWMU=
github.com/gdamore/encoding v0.0.0-20151215212835-b23993cbb635 h1:hheUEMzaOie/wKeIc1WPa7CDVuIO5hqQxjS+dwTQEnI=
github.com/gdamore/encoding v0.0.0-20151215212835-b23993cbb635/go.mod h1:yrQYJKKDTrHmbYxI7CYi+/hbdiDT2m4Hj+t0ikCjsrQ=
github.com/gdamore/tcell v1.1.0 h1:RbQgl7jukmdqROeNcKps7R2YfDCQbWkOd1BwdXrxfr4=
github.com/gdamore/tcell v1.1.0/go.mod h1:tqyG50u7+Ctv1w5VX67kLzKcj9YXR/JSBZQq/+mLl1A=
github.com/lucasb-eyer/go-colorful v0.0.0-20180709185858-c7842319cf3a h1:B2QfFRl5yGVGGcyEVFzfdXlC1BBvszsIAsCeef2oD0k=
github.com/lucasb-eyer/go-colorful v0.0.0-20180709185858-c7842319cf3a/go.mod h1:NXg0ArsFk0Y01623LgUqoqcouGDB+PwCCQlrwrG6xJ4=
github.com/mattn/go-runewidth v0.0.2 h1:UnlwIPBGaTZfPQ6T1IGzPI0EkYAQmT9fAEJ/poFC63o=
github.com/mattn/go-runewidth v0.0.2/go.mod h1:LwmH8dsx7+W8Uxz3IHJYH5QSwggIsqBzpuz5H//U1FU=
github.com/rivo/tview v0.0.0-20180728193050-6614b16d9037 h1:k2jl6rqIDcpsegRVS1EVA/jD1xFXuf9joc4phngNWAY=
github.com/rivo/tview v0.0.0-20180728193050-6614b16d9037/go.mod h1:J4W+hErFfITUbyFAEXizpmkuxX7ZN56dopxHB4XQhMw=
golang.org/x/crypto v0.0.0-20180723164146-c126467f60eb h1:Ah9YqXLj6fEgeKqcmBuLCbAsrF3ScD7dJ/bYM0C6tXI=
golang.org/x/crypto v0.0.0-20180723164146-c126467f60eb/go.mod h1:6SG95UA2DQfeDnfUPMdvaQW0Q7yPrPDi9nlGo2tz2b4=
golang.org/x/image v0.0.0-20171214225156-12117c17ca67/go.mod h1:ux5Hcp/YLpHSI86hEcLt0YII63i6oz57MZXIpbrjZUs=
golang.org/x/net v0.0.0-20180216171745-136a25c244d3 h1:ccQe92wkcq8fxMUi0JfXsoHS6cSzB4Gs6Y5M4UoTzJY=
golang.org/x/net v0.0.0-20180216171745-136a25c244d3/go.mod h1:mL1N/T3taQHkDXs73rZJwtUhF3w3ftmwwsq0BUmARs4=
golang.org/x/text v0.0.0-20180208041248-4e4a3210bb54/go.mod h1:NqM8EUOU14njkJ3fqMW+pc6Ldnwhi/IjpwHt7yyuwOQ=
golang.org/x/text v0.3.0 h1:g61tztE5qeGQ89tm6NTjjM9VPIm088od1l6aSorWRWg=
golang.org/x/text v0.3.0/go.mod h1:NqM8EUOU14njkJ3fqMW+pc6Ldnwhi/IjpwHt7yyuwOQ=
mellium.im/reader v0.0.4 h1:6nhK1YuHmn60bmLdRol3BQdiLGtta4RJ8dCbSmmhmDI=
mellium.im/reader v0.0.4/go.mod h1:rtqlYmkQriWPf1vKtmH0iIellTSRU/1JUFV8MVS6vek=
mellium.im/sasl v0.1.1 h1:kqCOm1txrnyeKNTnDX/JAHYEnXMNP0DgMdHkQjrlofo=
mellium.im/sasl v0.1.1/go.mod h1:vmQYTr1V4pFjgdorcqVEwA4WXck2n1JLx30pawPsSuY=
mellium.im/xmlstream v0.12.1 h1:sa2cmyWsV62j/iNN4nAMFrRNRNXil2GivcjgRxpn+n8=
mellium.im/xmlstream v0.12.1/go.mod h1:PDwtcQeiAyF7FrUBRWnVO91nIskvhOFYzOeftngiM7Q=
mellium.im/xmlstream v0.12.2 h1:l5n7yFvCa2FvvmaXhz67ARr9z+1vA/E90S9TgmJkZ9Y=
mellium.im/xmlstream v0.12.2/go.mod h1:PDwtcQeiAyF7FrUBRWnVO91nIskvhOFYzOeftngiM7Q=
mellium.im/xmlstream v0.12.3 h1:gm7mpQCUPeyi2WcfxMN2n6PoFNdqkDFvK3pYNITYjtc=
mellium.im/xmlstream v0.12.3/go.mod h1:PDwtcQeiAyF7FrUBRWnVO91nIskvhOFYzOeftngiM7Q=
mellium.im/xmlstream v0.13.0 h1:xKeoziZFGs8NnlxB1oT73yuoCx1rF9+bCyy0ee0mY8E=
mellium.im/xmlstream v0.13.0/go.mod h1:PDwtcQeiAyF7FrUBRWnVO91nIskvhOFYzOeftngiM7Q=
mellium.im/xmlstream v0.13.1 h1:km33K3lpXe8eGK8mIRn3Vk7+uJEL7CKbsCrrYsRrIsk=
mellium.im/xmlstream v0.13.1/go.mod h1:PDwtcQeiAyF7FrUBRWnVO91nIskvhOFYzOeftngiM7Q=
mellium.im/xmpp v0.4.0 h1:LNHuaSItLHB3AA6UU/yLEDDi/ZKOARI1IFcCPdznDlA=
mellium.im/xmpp v0.4.0/go.mod h1:vTaeFaKDcPWGxVJpaVQTVoFr7lIuWaA2Oqz9NPAGaMM=
mellium.im/xmpp v0.5.0 h1:LKg0nbCsO9L/H8iOgTHf2cIafM+YiCN+zGCsXWaX6aw=
mellium.im/xmpp v0.5.0/go.mod h1:vTaeFaKDcPWGxVJpaVQTVoFr7lIuWaA2Oqz9NPAGaMM=
mellium.im/xmpp v0.7.0 h1:qrM7mml6i42C7D9/fFdidOE4Zf3TTwdWAmwqx7zcI44=
mellium.im/xmpp v0.7.0/go.mod h1:vTaeFaKDcPWGxVJpaVQTVoFr7lIuWaA2Oqz9NPAGaMM=
mellium.im/xmpp v0.7.1 h1:7g59OIkD0cMojaw0r9CcEu4UMYq62i/genOUQjFy3F0=
mellium.im/xmpp v0.7.1/go.mod h1:vTaeFaKDcPWGxVJpaVQTVoFr7lIuWaA2Oqz9NPAGaMM=
mellium.im/xmpp v0.7.2 h1:581PxK/01AH1W7El3UmaGr4Gr8YwPIrMdZQmvqeWlW8=
mellium.im/xmpp v0.7.2/go.mod h1:vTaeFaKDcPWGxVJpaVQTVoFr7lIuWaA2Oqz9NPAGaMM=
